// !$*UTF8*$!
{
	archiveVersion = 1;
	classes = {
	};
	objectVersion = 46;
	objects = {

/* Begin PBXBuildFile section */
		C70D6F581AD8729D00410FE8 /* ParseUI.framework in Frameworks */ = {isa = PBXBuildFile; fileRef = C70D6F571AD8729C00410FE8 /* ParseUI.framework */; };
		C70D6F5B1AD872F200410FE8 /* Bolts.framework in Frameworks */ = {isa = PBXBuildFile; fileRef = C70D6F591AD872F200410FE8 /* Bolts.framework */; };
		C70D6F5C1AD872F200410FE8 /* Parse.framework in Frameworks */ = {isa = PBXBuildFile; fileRef = C70D6F5A1AD872F200410FE8 /* Parse.framework */; };
		C70D6F5F1ADC7A5A00410FE8 /* Reachability.m in Sources */ = {isa = PBXBuildFile; fileRef = C70D6F5E1ADC7A5A00410FE8 /* Reachability.m */; };
		C729CE391A4A3E690039E184 /* MainViewController.swift in Sources */ = {isa = PBXBuildFile; fileRef = C729CE381A4A3E690039E184 /* MainViewController.swift */; };
		C729CE3B1A4A413D0039E184 /* BlogViewController.swift in Sources */ = {isa = PBXBuildFile; fileRef = C729CE3A1A4A413D0039E184 /* BlogViewController.swift */; };
		C76713DF1B3B63CC009BB0C8 /* callbutton.png in Resources */ = {isa = PBXBuildFile; fileRef = C76713DE1B3B63CC009BB0C8 /* callbutton.png */; };
		C76A17AD1B53290300D969F5 /* SettingsViewController.swift in Sources */ = {isa = PBXBuildFile; fileRef = C76A17AC1B53290300D969F5 /* SettingsViewController.swift */; };
		C777F1FB1B5492EF00F658FB /* NavViewController.swift in Sources */ = {isa = PBXBuildFile; fileRef = C777F1FA1B5492EF00F658FB /* NavViewController.swift */; };
		C77F82CD1AA7E70D0025D1F9 /* AudioToolbox.framework in Frameworks */ = {isa = PBXBuildFile; fileRef = C77F82CC1AA7E70D0025D1F9 /* AudioToolbox.framework */; };
		C77F82CF1AA7E7170025D1F9 /* CFNetwork.framework in Frameworks */ = {isa = PBXBuildFile; fileRef = C77F82CE1AA7E7170025D1F9 /* CFNetwork.framework */; };
		C77F82D11AA7E7290025D1F9 /* CoreLocation.framework in Frameworks */ = {isa = PBXBuildFile; fileRef = C77F82D01AA7E7290025D1F9 /* CoreLocation.framework */; };
		C77F82D31AA7E7380025D1F9 /* MobileCoreServices.framework in Frameworks */ = {isa = PBXBuildFile; fileRef = C77F82D21AA7E7380025D1F9 /* MobileCoreServices.framework */; };
		C77F82D51AA7E7440025D1F9 /* QuartzCore.framework in Frameworks */ = {isa = PBXBuildFile; fileRef = C77F82D41AA7E7440025D1F9 /* QuartzCore.framework */; };
		C77F82D71AA7E7500025D1F9 /* Security.framework in Frameworks */ = {isa = PBXBuildFile; fileRef = C77F82D61AA7E7500025D1F9 /* Security.framework */; };
		C77F82D91AA7E75A0025D1F9 /* StoreKit.framework in Frameworks */ = {isa = PBXBuildFile; fileRef = C77F82D81AA7E75A0025D1F9 /* StoreKit.framework */; };
		C77F82DB1AA7E7620025D1F9 /* SystemConfiguration.framework in Frameworks */ = {isa = PBXBuildFile; fileRef = C77F82DA1AA7E7620025D1F9 /* SystemConfiguration.framework */; };
		C77F82DD1AA7E7730025D1F9 /* libz.dylib in Frameworks */ = {isa = PBXBuildFile; fileRef = C77F82DC1AA7E7730025D1F9 /* libz.dylib */; };
		C77F82DF1AA7E7870025D1F9 /* libsqlite3.dylib in Frameworks */ = {isa = PBXBuildFile; fileRef = C77F82DE1AA7E7870025D1F9 /* libsqlite3.dylib */; };
		C78BF4A81A49C71300C9B29E /* main.m in Sources */ = {isa = PBXBuildFile; fileRef = C78BF4A71A49C71300C9B29E /* main.m */; };
		C78BF4AB1A49C71300C9B29E /* AppDelegate.m in Sources */ = {isa = PBXBuildFile; fileRef = C78BF4AA1A49C71300C9B29E /* AppDelegate.m */; };
		C78BF4AE1A49C71300C9B29E /* MasterViewController.m in Sources */ = {isa = PBXBuildFile; fileRef = C78BF4AD1A49C71300C9B29E /* MasterViewController.m */; };
		C78BF4B11A49C71300C9B29E /* DetailViewController.m in Sources */ = {isa = PBXBuildFile; fileRef = C78BF4B01A49C71300C9B29E /* DetailViewController.m */; };
		C78BF4B41A49C71300C9B29E /* Main.storyboard in Resources */ = {isa = PBXBuildFile; fileRef = C78BF4B21A49C71300C9B29E /* Main.storyboard */; };
		C78BF4B61A49C71300C9B29E /* Images.xcassets in Resources */ = {isa = PBXBuildFile; fileRef = C78BF4B51A49C71300C9B29E /* Images.xcassets */; };
		C78BF4C51A49C71400C9B29E /* TheGranada_heaterDallasTests.m in Sources */ = {isa = PBXBuildFile; fileRef = C78BF4C41A49C71400C9B29E /* TheGranada_heaterDallasTests.m */; };
		C78BF4D01A49D0CB00C9B29E /* CustomCell.m in Sources */ = {isa = PBXBuildFile; fileRef = C78BF4CF1A49D0CB00C9B29E /* CustomCell.m */; };
		C78BF4D31A49D0E100C9B29E /* GranadaShow.m in Sources */ = {isa = PBXBuildFile; fileRef = C78BF4D21A49D0E100C9B29E /* GranadaShow.m */; };
		C797D1C51B8974E1004C423D /* ImageLoader.swift in Sources */ = {isa = PBXBuildFile; fileRef = C797D1C41B8974E1004C423D /* ImageLoader.swift */; };
		C797D1C71B89911A004C423D /* Reachability.swift in Sources */ = {isa = PBXBuildFile; fileRef = C797D1C61B89911A004C423D /* Reachability.swift */; };
		C7A0F5701BAC714900249381 /* timeDateExtensions.swift in Sources */ = {isa = PBXBuildFile; fileRef = C7A0F56F1BAC714900249381 /* timeDateExtensions.swift */; settings = {ASSET_TAGS = (); }; };
		C7A0F5721BAC7B2100249381 /* containsStringExtension.swift in Sources */ = {isa = PBXBuildFile; fileRef = C7A0F5711BAC7B2100249381 /* containsStringExtension.swift */; settings = {ASSET_TAGS = (); }; };
		C7A0F5741BAC994900249381 /* verticalAlignLabel.swift in Sources */ = {isa = PBXBuildFile; fileRef = C7A0F5731BAC994900249381 /* verticalAlignLabel.swift */; settings = {ASSET_TAGS = (); }; };
		C7C142801A8D8E9600FA0C75 /* ShowsViewController.m in Sources */ = {isa = PBXBuildFile; fileRef = C7C1427F1A8D8E9600FA0C75 /* ShowsViewController.m */; };
		C7C142831A8D90CA00FA0C75 /* ShowCell.m in Sources */ = {isa = PBXBuildFile; fileRef = C7C142821A8D90CA00FA0C75 /* ShowCell.m */; };
		C7C41F2D1AA92C7300EE3373 /* CoreGraphics.framework in Frameworks */ = {isa = PBXBuildFile; fileRef = C7C41F2C1AA92C7300EE3373 /* CoreGraphics.framework */; };
		C7C41F2F1AA92C8800EE3373 /* libz.1.1.3.dylib in Frameworks */ = {isa = PBXBuildFile; fileRef = C7C41F2E1AA92C8800EE3373 /* libz.1.1.3.dylib */; };
		C7C41F3E1AAA546700EE3373 /* ShowsViewControllerParse.m in Sources */ = {isa = PBXBuildFile; fileRef = C7C41F3D1AAA546700EE3373 /* ShowsViewControllerParse.m */; };
		C7CBE57D1B4F3DD4008D7B64 /* Accounts.framework in Frameworks */ = {isa = PBXBuildFile; fileRef = C7CBE57C1B4F3DD4008D7B64 /* Accounts.framework */; };
		C7CBE57F1B4F3DE0008D7B64 /* Social.framework in Frameworks */ = {isa = PBXBuildFile; fileRef = C7CBE57E1B4F3DE0008D7B64 /* Social.framework */; };
		C7D0A6C11B39C7E9009A911B /* GranadaShowsTableView.swift in Sources */ = {isa = PBXBuildFile; fileRef = C7D0A6C01B39C7E9009A911B /* GranadaShowsTableView.swift */; };
		C7D0A6C31B39C839009A911B /* BuyTicketsVC.swift in Sources */ = {isa = PBXBuildFile; fileRef = C7D0A6C21B39C839009A911B /* BuyTicketsVC.swift */; };
		C7D0A6C51B39C9FA009A911B /* ShowCellSwift.swift in Sources */ = {isa = PBXBuildFile; fileRef = C7D0A6C41B39C9FA009A911B /* ShowCellSwift.swift */; };
		C7D0A6C71B3B25C1009A911B /* AboutVC.swift in Sources */ = {isa = PBXBuildFile; fileRef = C7D0A6C61B3B25C1009A911B /* AboutVC.swift */; };
		C7D457631B80364C004019E4 /* ActStylePicker.swift in Sources */ = {isa = PBXBuildFile; fileRef = C7D457621B80364C004019E4 /* ActStylePicker.swift */; };
/* End PBXBuildFile section */

/* Begin PBXContainerItemProxy section */
		C78BF4BF1A49C71400C9B29E /* PBXContainerItemProxy */ = {
			isa = PBXContainerItemProxy;
			containerPortal = C78BF49A1A49C71300C9B29E /* Project object */;
			proxyType = 1;
			remoteGlobalIDString = C78BF4A11A49C71300C9B29E;
			remoteInfo = "TheGranada†heaterDallas";
		};
/* End PBXContainerItemProxy section */

/* Begin PBXFileReference section */
		C70D6F571AD8729C00410FE8 /* ParseUI.framework */ = {isa = PBXFileReference; lastKnownFileType = wrapper.framework; path = ParseUI.framework; sourceTree = "<group>"; };
		C70D6F591AD872F200410FE8 /* Bolts.framework */ = {isa = PBXFileReference; lastKnownFileType = wrapper.framework; path = Bolts.framework; sourceTree = "<group>"; };
		C70D6F5A1AD872F200410FE8 /* Parse.framework */ = {isa = PBXFileReference; lastKnownFileType = wrapper.framework; path = Parse.framework; sourceTree = "<group>"; };
		C70D6F5D1ADC7A4F00410FE8 /* Reachability.h */ = {isa = PBXFileReference; lastKnownFileType = sourcecode.c.h; path = Reachability.h; sourceTree = "<group>"; };
		C70D6F5E1ADC7A5A00410FE8 /* Reachability.m */ = {isa = PBXFileReference; fileEncoding = 4; lastKnownFileType = sourcecode.c.objc; path = Reachability.m; sourceTree = "<group>"; };
		C729CE371A4A3E690039E184 /* TheGranada†heaterDallas-Bridging-Header.h */ = {isa = PBXFileReference; lastKnownFileType = sourcecode.c.h; path = "TheGranada†heaterDallas-Bridging-Header.h"; sourceTree = "<group>"; };
		C729CE381A4A3E690039E184 /* MainViewController.swift */ = {isa = PBXFileReference; fileEncoding = 4; lastKnownFileType = sourcecode.swift; path = MainViewController.swift; sourceTree = "<group>"; };
		C729CE3A1A4A413D0039E184 /* BlogViewController.swift */ = {isa = PBXFileReference; fileEncoding = 4; lastKnownFileType = sourcecode.swift; path = BlogViewController.swift; sourceTree = "<group>"; };
		C76713DE1B3B63CC009BB0C8 /* callbutton.png */ = {isa = PBXFileReference; lastKnownFileType = image.png; path = callbutton.png; sourceTree = "<group>"; };
		C76A17AC1B53290300D969F5 /* SettingsViewController.swift */ = {isa = PBXFileReference; fileEncoding = 4; lastKnownFileType = sourcecode.swift; name = SettingsViewController.swift; path = ../SettingsViewController.swift; sourceTree = "<group>"; };
		C777F1FA1B5492EF00F658FB /* NavViewController.swift */ = {isa = PBXFileReference; fileEncoding = 4; lastKnownFileType = sourcecode.swift; path = NavViewController.swift; sourceTree = "<group>"; };
		C77F82CC1AA7E70D0025D1F9 /* AudioToolbox.framework */ = {isa = PBXFileReference; lastKnownFileType = wrapper.framework; name = AudioToolbox.framework; path = System/Library/Frameworks/AudioToolbox.framework; sourceTree = SDKROOT; };
		C77F82CE1AA7E7170025D1F9 /* CFNetwork.framework */ = {isa = PBXFileReference; lastKnownFileType = wrapper.framework; name = CFNetwork.framework; path = System/Library/Frameworks/CFNetwork.framework; sourceTree = SDKROOT; };
		C77F82D01AA7E7290025D1F9 /* CoreLocation.framework */ = {isa = PBXFileReference; lastKnownFileType = wrapper.framework; name = CoreLocation.framework; path = System/Library/Frameworks/CoreLocation.framework; sourceTree = SDKROOT; };
		C77F82D21AA7E7380025D1F9 /* MobileCoreServices.framework */ = {isa = PBXFileReference; lastKnownFileType = wrapper.framework; name = MobileCoreServices.framework; path = System/Library/Frameworks/MobileCoreServices.framework; sourceTree = SDKROOT; };
		C77F82D41AA7E7440025D1F9 /* QuartzCore.framework */ = {isa = PBXFileReference; lastKnownFileType = wrapper.framework; name = QuartzCore.framework; path = System/Library/Frameworks/QuartzCore.framework; sourceTree = SDKROOT; };
		C77F82D61AA7E7500025D1F9 /* Security.framework */ = {isa = PBXFileReference; lastKnownFileType = wrapper.framework; name = Security.framework; path = System/Library/Frameworks/Security.framework; sourceTree = SDKROOT; };
		C77F82D81AA7E75A0025D1F9 /* StoreKit.framework */ = {isa = PBXFileReference; lastKnownFileType = wrapper.framework; name = StoreKit.framework; path = System/Library/Frameworks/StoreKit.framework; sourceTree = SDKROOT; };
		C77F82DA1AA7E7620025D1F9 /* SystemConfiguration.framework */ = {isa = PBXFileReference; lastKnownFileType = wrapper.framework; name = SystemConfiguration.framework; path = System/Library/Frameworks/SystemConfiguration.framework; sourceTree = SDKROOT; };
		C77F82DC1AA7E7730025D1F9 /* libz.dylib */ = {isa = PBXFileReference; lastKnownFileType = "compiled.mach-o.dylib"; name = libz.dylib; path = usr/lib/libz.dylib; sourceTree = SDKROOT; };
		C77F82DE1AA7E7870025D1F9 /* libsqlite3.dylib */ = {isa = PBXFileReference; lastKnownFileType = "compiled.mach-o.dylib"; name = libsqlite3.dylib; path = usr/lib/libsqlite3.dylib; sourceTree = SDKROOT; };
		C78BF4A21A49C71300C9B29E /* TheGranada†heaterDallas.app */ = {isa = PBXFileReference; explicitFileType = wrapper.application; includeInIndex = 0; path = "TheGranada†heaterDallas.app"; sourceTree = BUILT_PRODUCTS_DIR; };
		C78BF4A61A49C71300C9B29E /* Info.plist */ = {isa = PBXFileReference; lastKnownFileType = text.plist.xml; path = Info.plist; sourceTree = "<group>"; };
		C78BF4A71A49C71300C9B29E /* main.m */ = {isa = PBXFileReference; lastKnownFileType = sourcecode.c.objc; path = main.m; sourceTree = "<group>"; };
		C78BF4A91A49C71300C9B29E /* AppDelegate.h */ = {isa = PBXFileReference; lastKnownFileType = sourcecode.c.h; path = AppDelegate.h; sourceTree = "<group>"; };
		C78BF4AA1A49C71300C9B29E /* AppDelegate.m */ = {isa = PBXFileReference; lastKnownFileType = sourcecode.c.objc; path = AppDelegate.m; sourceTree = "<group>"; };
		C78BF4AC1A49C71300C9B29E /* MasterViewController.h */ = {isa = PBXFileReference; lastKnownFileType = sourcecode.c.h; path = MasterViewController.h; sourceTree = "<group>"; };
		C78BF4AD1A49C71300C9B29E /* MasterViewController.m */ = {isa = PBXFileReference; lastKnownFileType = sourcecode.c.objc; path = MasterViewController.m; sourceTree = "<group>"; };
		C78BF4AF1A49C71300C9B29E /* DetailViewController.h */ = {isa = PBXFileReference; lastKnownFileType = sourcecode.c.h; path = DetailViewController.h; sourceTree = "<group>"; };
		C78BF4B01A49C71300C9B29E /* DetailViewController.m */ = {isa = PBXFileReference; lastKnownFileType = sourcecode.c.objc; path = DetailViewController.m; sourceTree = "<group>"; };
		C78BF4B31A49C71300C9B29E /* Base */ = {isa = PBXFileReference; lastKnownFileType = file.storyboard; name = Base; path = Base.lproj/Main.storyboard; sourceTree = "<group>"; };
		C78BF4B51A49C71300C9B29E /* Images.xcassets */ = {isa = PBXFileReference; lastKnownFileType = folder.assetcatalog; path = Images.xcassets; sourceTree = "<group>"; };
		C78BF4BE1A49C71400C9B29E /* TheGranada†heaterDallasTests.xctest */ = {isa = PBXFileReference; explicitFileType = wrapper.cfbundle; includeInIndex = 0; path = "TheGranada†heaterDallasTests.xctest"; sourceTree = BUILT_PRODUCTS_DIR; };
		C78BF4C31A49C71400C9B29E /* Info.plist */ = {isa = PBXFileReference; lastKnownFileType = text.plist.xml; path = Info.plist; sourceTree = "<group>"; };
		C78BF4C41A49C71400C9B29E /* TheGranada_heaterDallasTests.m */ = {isa = PBXFileReference; lastKnownFileType = sourcecode.c.objc; path = TheGranada_heaterDallasTests.m; sourceTree = "<group>"; };
		C78BF4CE1A49D0BE00C9B29E /* CustomCell.h */ = {isa = PBXFileReference; lastKnownFileType = sourcecode.c.h; path = CustomCell.h; sourceTree = "<group>"; };
		C78BF4CF1A49D0CB00C9B29E /* CustomCell.m */ = {isa = PBXFileReference; fileEncoding = 4; lastKnownFileType = sourcecode.c.objc; path = CustomCell.m; sourceTree = "<group>"; };
		C78BF4D11A49D0D600C9B29E /* GranadaShow.h */ = {isa = PBXFileReference; lastKnownFileType = sourcecode.c.h; path = GranadaShow.h; sourceTree = "<group>"; };
		C78BF4D21A49D0E100C9B29E /* GranadaShow.m */ = {isa = PBXFileReference; fileEncoding = 4; lastKnownFileType = sourcecode.c.objc; path = GranadaShow.m; sourceTree = "<group>"; };
		C797D1C41B8974E1004C423D /* ImageLoader.swift */ = {isa = PBXFileReference; fileEncoding = 4; lastKnownFileType = sourcecode.swift; path = ImageLoader.swift; sourceTree = "<group>"; };
		C797D1C61B89911A004C423D /* Reachability.swift */ = {isa = PBXFileReference; fileEncoding = 4; lastKnownFileType = sourcecode.swift; path = Reachability.swift; sourceTree = "<group>"; };
		C7A0F56F1BAC714900249381 /* timeDateExtensions.swift */ = {isa = PBXFileReference; fileEncoding = 4; lastKnownFileType = sourcecode.swift; path = timeDateExtensions.swift; sourceTree = "<group>"; };
		C7A0F5711BAC7B2100249381 /* containsStringExtension.swift */ = {isa = PBXFileReference; fileEncoding = 4; lastKnownFileType = sourcecode.swift; path = containsStringExtension.swift; sourceTree = "<group>"; };
		C7A0F5731BAC994900249381 /* verticalAlignLabel.swift */ = {isa = PBXFileReference; fileEncoding = 4; lastKnownFileType = sourcecode.swift; path = verticalAlignLabel.swift; sourceTree = "<group>"; };
		C7C1427E1A8D8E9600FA0C75 /* ShowsViewController.h */ = {isa = PBXFileReference; fileEncoding = 4; lastKnownFileType = sourcecode.c.h; path = ShowsViewController.h; sourceTree = "<group>"; };
		C7C1427F1A8D8E9600FA0C75 /* ShowsViewController.m */ = {isa = PBXFileReference; fileEncoding = 4; lastKnownFileType = sourcecode.c.objc; path = ShowsViewController.m; sourceTree = "<group>"; };
		C7C142811A8D90CA00FA0C75 /* ShowCell.h */ = {isa = PBXFileReference; fileEncoding = 4; lastKnownFileType = sourcecode.c.h; path = ShowCell.h; sourceTree = "<group>"; };
		C7C142821A8D90CA00FA0C75 /* ShowCell.m */ = {isa = PBXFileReference; fileEncoding = 4; lastKnownFileType = sourcecode.c.objc; path = ShowCell.m; sourceTree = "<group>"; };
		C7C41F2C1AA92C7300EE3373 /* CoreGraphics.framework */ = {isa = PBXFileReference; lastKnownFileType = wrapper.framework; name = CoreGraphics.framework; path = System/Library/Frameworks/CoreGraphics.framework; sourceTree = SDKROOT; };
		C7C41F2E1AA92C8800EE3373 /* libz.1.1.3.dylib */ = {isa = PBXFileReference; lastKnownFileType = "compiled.mach-o.dylib"; name = libz.1.1.3.dylib; path = usr/lib/libz.1.1.3.dylib; sourceTree = SDKROOT; };
		C7C41F3C1AAA546700EE3373 /* ShowsViewControllerParse.h */ = {isa = PBXFileReference; fileEncoding = 4; lastKnownFileType = sourcecode.c.h; name = ShowsViewControllerParse.h; path = ../ShowsViewControllerParse.h; sourceTree = "<group>"; };
		C7C41F3D1AAA546700EE3373 /* ShowsViewControllerParse.m */ = {isa = PBXFileReference; fileEncoding = 4; lastKnownFileType = sourcecode.c.objc; name = ShowsViewControllerParse.m; path = ../ShowsViewControllerParse.m; sourceTree = "<group>"; };
		C7CBE57C1B4F3DD4008D7B64 /* Accounts.framework */ = {isa = PBXFileReference; lastKnownFileType = wrapper.framework; name = Accounts.framework; path = System/Library/Frameworks/Accounts.framework; sourceTree = SDKROOT; };
		C7CBE57E1B4F3DE0008D7B64 /* Social.framework */ = {isa = PBXFileReference; lastKnownFileType = wrapper.framework; name = Social.framework; path = System/Library/Frameworks/Social.framework; sourceTree = SDKROOT; };
		C7D0A6C01B39C7E9009A911B /* GranadaShowsTableView.swift */ = {isa = PBXFileReference; fileEncoding = 4; lastKnownFileType = sourcecode.swift; path = GranadaShowsTableView.swift; sourceTree = "<group>"; };
		C7D0A6C21B39C839009A911B /* BuyTicketsVC.swift */ = {isa = PBXFileReference; fileEncoding = 4; lastKnownFileType = sourcecode.swift; path = BuyTicketsVC.swift; sourceTree = "<group>"; };
		C7D0A6C41B39C9FA009A911B /* ShowCellSwift.swift */ = {isa = PBXFileReference; fileEncoding = 4; lastKnownFileType = sourcecode.swift; name = ShowCellSwift.swift; path = ../ShowCellSwift.swift; sourceTree = "<group>"; };
		C7D0A6C61B3B25C1009A911B /* AboutVC.swift */ = {isa = PBXFileReference; fileEncoding = 4; lastKnownFileType = sourcecode.swift; name = AboutVC.swift; path = ../AboutVC.swift; sourceTree = "<group>"; };
		C7D457621B80364C004019E4 /* ActStylePicker.swift */ = {isa = PBXFileReference; fileEncoding = 4; lastKnownFileType = sourcecode.swift; path = ActStylePicker.swift; sourceTree = "<group>"; };
/* End PBXFileReference section */

/* Begin PBXFrameworksBuildPhase section */
		C78BF49F1A49C71300C9B29E /* Frameworks */ = {
			isa = PBXFrameworksBuildPhase;
			buildActionMask = 2147483647;
			files = (
				C7CBE57F1B4F3DE0008D7B64 /* Social.framework in Frameworks */,
				C7CBE57D1B4F3DD4008D7B64 /* Accounts.framework in Frameworks */,
				C77F82D91AA7E75A0025D1F9 /* StoreKit.framework in Frameworks */,
				C77F82D51AA7E7440025D1F9 /* QuartzCore.framework in Frameworks */,
				C7C41F2F1AA92C8800EE3373 /* libz.1.1.3.dylib in Frameworks */,
				C7C41F2D1AA92C7300EE3373 /* CoreGraphics.framework in Frameworks */,
				C70D6F5C1AD872F200410FE8 /* Parse.framework in Frameworks */,
				C77F82DF1AA7E7870025D1F9 /* libsqlite3.dylib in Frameworks */,
				C77F82DD1AA7E7730025D1F9 /* libz.dylib in Frameworks */,
				C70D6F581AD8729D00410FE8 /* ParseUI.framework in Frameworks */,
				C77F82DB1AA7E7620025D1F9 /* SystemConfiguration.framework in Frameworks */,
				C77F82D71AA7E7500025D1F9 /* Security.framework in Frameworks */,
				C77F82D31AA7E7380025D1F9 /* MobileCoreServices.framework in Frameworks */,
				C77F82D11AA7E7290025D1F9 /* CoreLocation.framework in Frameworks */,
				C77F82CF1AA7E7170025D1F9 /* CFNetwork.framework in Frameworks */,
				C77F82CD1AA7E70D0025D1F9 /* AudioToolbox.framework in Frameworks */,
				C70D6F5B1AD872F200410FE8 /* Bolts.framework in Frameworks */,
			);
			runOnlyForDeploymentPostprocessing = 0;
		};
		C78BF4BB1A49C71400C9B29E /* Frameworks */ = {
			isa = PBXFrameworksBuildPhase;
			buildActionMask = 2147483647;
			files = (
			);
			runOnlyForDeploymentPostprocessing = 0;
		};
/* End PBXFrameworksBuildPhase section */

/* Begin PBXGroup section */
		C78BF4991A49C71300C9B29E = {
			isa = PBXGroup;
			children = (
				C7A0F5711BAC7B2100249381 /* containsStringExtension.swift */,
				C7A0F5731BAC994900249381 /* verticalAlignLabel.swift */,
				C7A0F56F1BAC714900249381 /* timeDateExtensions.swift */,
				C797D1C61B89911A004C423D /* Reachability.swift */,
				C777F1FA1B5492EF00F658FB /* NavViewController.swift */,
				C7CBE57E1B4F3DE0008D7B64 /* Social.framework */,
				C7CBE57C1B4F3DD4008D7B64 /* Accounts.framework */,
				C70D6F571AD8729C00410FE8 /* ParseUI.framework */,
				C7C41F2E1AA92C8800EE3373 /* libz.1.1.3.dylib */,
				C7C41F2C1AA92C7300EE3373 /* CoreGraphics.framework */,
				C77F82DE1AA7E7870025D1F9 /* libsqlite3.dylib */,
				C77F82DC1AA7E7730025D1F9 /* libz.dylib */,
				C77F82DA1AA7E7620025D1F9 /* SystemConfiguration.framework */,
				C77F82D81AA7E75A0025D1F9 /* StoreKit.framework */,
				C77F82D61AA7E7500025D1F9 /* Security.framework */,
				C77F82D41AA7E7440025D1F9 /* QuartzCore.framework */,
				C77F82D21AA7E7380025D1F9 /* MobileCoreServices.framework */,
				C77F82D01AA7E7290025D1F9 /* CoreLocation.framework */,
				C77F82CE1AA7E7170025D1F9 /* CFNetwork.framework */,
				C77F82CC1AA7E70D0025D1F9 /* AudioToolbox.framework */,
				C78BF4A41A49C71300C9B29E /* TheGranada†heaterDallas */,
				C78BF4C11A49C71400C9B29E /* TheGranada†heaterDallasTests */,
				C78BF4A31A49C71300C9B29E /* Products */,
			);
			sourceTree = "<group>";
		};
		C78BF4A31A49C71300C9B29E /* Products */ = {
			isa = PBXGroup;
			children = (
				C78BF4A21A49C71300C9B29E /* TheGranada†heaterDallas.app */,
				C78BF4BE1A49C71400C9B29E /* TheGranada†heaterDallasTests.xctest */,
			);
			name = Products;
			sourceTree = "<group>";
		};
		C78BF4A41A49C71300C9B29E /* TheGranada†heaterDallas */ = {
			isa = PBXGroup;
			children = (
				C70D6F591AD872F200410FE8 /* Bolts.framework */,
				C70D6F5A1AD872F200410FE8 /* Parse.framework */,
				C78BF4A91A49C71300C9B29E /* AppDelegate.h */,
				C78BF4AA1A49C71300C9B29E /* AppDelegate.m */,
				C78BF4CE1A49D0BE00C9B29E /* CustomCell.h */,
				C78BF4CF1A49D0CB00C9B29E /* CustomCell.m */,
				C70D6F5D1ADC7A4F00410FE8 /* Reachability.h */,
				C70D6F5E1ADC7A5A00410FE8 /* Reachability.m */,
				C78BF4D11A49D0D600C9B29E /* GranadaShow.h */,
				C78BF4D21A49D0E100C9B29E /* GranadaShow.m */,
				C78BF4AC1A49C71300C9B29E /* MasterViewController.h */,
				C78BF4AD1A49C71300C9B29E /* MasterViewController.m */,
				C78BF4AF1A49C71300C9B29E /* DetailViewController.h */,
				C78BF4B01A49C71300C9B29E /* DetailViewController.m */,
				C78BF4B21A49C71300C9B29E /* Main.storyboard */,
				C7C1427E1A8D8E9600FA0C75 /* ShowsViewController.h */,
				C7C1427F1A8D8E9600FA0C75 /* ShowsViewController.m */,
				C76713DE1B3B63CC009BB0C8 /* callbutton.png */,
				C7C41F3C1AAA546700EE3373 /* ShowsViewControllerParse.h */,
				C7C41F3D1AAA546700EE3373 /* ShowsViewControllerParse.m */,
				C7C142811A8D90CA00FA0C75 /* ShowCell.h */,
				C7C142821A8D90CA00FA0C75 /* ShowCell.m */,
				C78BF4B51A49C71300C9B29E /* Images.xcassets */,
				C78BF4A51A49C71300C9B29E /* Supporting Files */,
				C729CE381A4A3E690039E184 /* MainViewController.swift */,
				C7D0A6C61B3B25C1009A911B /* AboutVC.swift */,
				C76A17AC1B53290300D969F5 /* SettingsViewController.swift */,
				C7D0A6C41B39C9FA009A911B /* ShowCellSwift.swift */,
				C729CE371A4A3E690039E184 /* TheGranada†heaterDallas-Bridging-Header.h */,
				C729CE3A1A4A413D0039E184 /* BlogViewController.swift */,
				C7D457621B80364C004019E4 /* ActStylePicker.swift */,
				C7D0A6C01B39C7E9009A911B /* GranadaShowsTableView.swift */,
				C797D1C41B8974E1004C423D /* ImageLoader.swift */,
				C7D0A6C21B39C839009A911B /* BuyTicketsVC.swift */,
			);
			path = "TheGranada†heaterDallas";
			sourceTree = "<group>";
		};
		C78BF4A51A49C71300C9B29E /* Supporting Files */ = {
			isa = PBXGroup;
			children = (
				C78BF4A61A49C71300C9B29E /* Info.plist */,
				C78BF4A71A49C71300C9B29E /* main.m */,
			);
			name = "Supporting Files";
			sourceTree = "<group>";
		};
		C78BF4C11A49C71400C9B29E /* TheGranada†heaterDallasTests */ = {
			isa = PBXGroup;
			children = (
				C78BF4C41A49C71400C9B29E /* TheGranada_heaterDallasTests.m */,
				C78BF4C21A49C71400C9B29E /* Supporting Files */,
			);
			path = "TheGranada†heaterDallasTests";
			sourceTree = "<group>";
		};
		C78BF4C21A49C71400C9B29E /* Supporting Files */ = {
			isa = PBXGroup;
			children = (
				C78BF4C31A49C71400C9B29E /* Info.plist */,
			);
			name = "Supporting Files";
			sourceTree = "<group>";
		};
/* End PBXGroup section */

/* Begin PBXNativeTarget section */
		C78BF4A11A49C71300C9B29E /* TheGranada†heaterDallas */ = {
			isa = PBXNativeTarget;
			buildConfigurationList = C78BF4C81A49C71400C9B29E /* Build configuration list for PBXNativeTarget "TheGranada†heaterDallas" */;
			buildPhases = (
				C78BF49E1A49C71300C9B29E /* Sources */,
				C78BF49F1A49C71300C9B29E /* Frameworks */,
				C78BF4A01A49C71300C9B29E /* Resources */,
			);
			buildRules = (
			);
			dependencies = (
			);
			name = "TheGranada†heaterDallas";
			productName = "TheGranada†heaterDallas";
			productReference = C78BF4A21A49C71300C9B29E /* TheGranada†heaterDallas.app */;
			productType = "com.apple.product-type.application";
		};
		C78BF4BD1A49C71400C9B29E /* TheGranada†heaterDallasTests */ = {
			isa = PBXNativeTarget;
			buildConfigurationList = C78BF4CB1A49C71400C9B29E /* Build configuration list for PBXNativeTarget "TheGranada†heaterDallasTests" */;
			buildPhases = (
				C78BF4BA1A49C71400C9B29E /* Sources */,
				C78BF4BB1A49C71400C9B29E /* Frameworks */,
				C78BF4BC1A49C71400C9B29E /* Resources */,
			);
			buildRules = (
			);
			dependencies = (
				C78BF4C01A49C71400C9B29E /* PBXTargetDependency */,
			);
			name = "TheGranada†heaterDallasTests";
			productName = "TheGranada†heaterDallasTests";
			productReference = C78BF4BE1A49C71400C9B29E /* TheGranada†heaterDallasTests.xctest */;
			productType = "com.apple.product-type.bundle.unit-test";
		};
/* End PBXNativeTarget section */

/* Begin PBXProject section */
		C78BF49A1A49C71300C9B29E /* Project object */ = {
			isa = PBXProject;
			attributes = {
				LastSwiftMigration = 0700;
				LastSwiftUpdateCheck = 0700;
				LastUpgradeCheck = 0700;
				ORGANIZATIONNAME = me;
				TargetAttributes = {
					C78BF4A11A49C71300C9B29E = {
						CreatedOnToolsVersion = 6.1.1;
						DevelopmentTeam = 3K9YC2X2EU;
						SystemCapabilities = {
							com.apple.BackgroundModes = {
								enabled = 1;
							};
						};
					};
					C78BF4BD1A49C71400C9B29E = {
						CreatedOnToolsVersion = 6.1.1;
						TestTargetID = C78BF4A11A49C71300C9B29E;
					};
				};
			};
			buildConfigurationList = C78BF49D1A49C71300C9B29E /* Build configuration list for PBXProject "TheGranadaTheaterDallas" */;
			compatibilityVersion = "Xcode 3.2";
			developmentRegion = English;
			hasScannedForEncodings = 0;
			knownRegions = (
				en,
				Base,
			);
			mainGroup = C78BF4991A49C71300C9B29E;
			productRefGroup = C78BF4A31A49C71300C9B29E /* Products */;
			projectDirPath = "";
			projectRoot = "";
			targets = (
				C78BF4A11A49C71300C9B29E /* TheGranada†heaterDallas */,
				C78BF4BD1A49C71400C9B29E /* TheGranada†heaterDallasTests */,
			);
		};
/* End PBXProject section */

/* Begin PBXResourcesBuildPhase section */
		C78BF4A01A49C71300C9B29E /* Resources */ = {
			isa = PBXResourcesBuildPhase;
			buildActionMask = 2147483647;
			files = (
				C76713DF1B3B63CC009BB0C8 /* callbutton.png in Resources */,
				C78BF4B41A49C71300C9B29E /* Main.storyboard in Resources */,
				C78BF4B61A49C71300C9B29E /* Images.xcassets in Resources */,
			);
			runOnlyForDeploymentPostprocessing = 0;
		};
		C78BF4BC1A49C71400C9B29E /* Resources */ = {
			isa = PBXResourcesBuildPhase;
			buildActionMask = 2147483647;
			files = (
			);
			runOnlyForDeploymentPostprocessing = 0;
		};
/* End PBXResourcesBuildPhase section */

/* Begin PBXSourcesBuildPhase section */
		C78BF49E1A49C71300C9B29E /* Sources */ = {
			isa = PBXSourcesBuildPhase;
			buildActionMask = 2147483647;
			files = (
				C7A0F5741BAC994900249381 /* verticalAlignLabel.swift in Sources */,
				C729CE391A4A3E690039E184 /* MainViewController.swift in Sources */,
				C78BF4AB1A49C71300C9B29E /* AppDelegate.m in Sources */,
				C797D1C51B8974E1004C423D /* ImageLoader.swift in Sources */,
				C78BF4AE1A49C71300C9B29E /* MasterViewController.m in Sources */,
				C7A0F5701BAC714900249381 /* timeDateExtensions.swift in Sources */,
				C7D0A6C51B39C9FA009A911B /* ShowCellSwift.swift in Sources */,
				C777F1FB1B5492EF00F658FB /* NavViewController.swift in Sources */,
				C78BF4A81A49C71300C9B29E /* main.m in Sources */,
				C7C142801A8D8E9600FA0C75 /* ShowsViewController.m in Sources */,
				C7D457631B80364C004019E4 /* ActStylePicker.swift in Sources */,
				C78BF4D31A49D0E100C9B29E /* GranadaShow.m in Sources */,
				C78BF4B11A49C71300C9B29E /* DetailViewController.m in Sources */,
				C729CE3B1A4A413D0039E184 /* BlogViewController.swift in Sources */,
				C7D0A6C31B39C839009A911B /* BuyTicketsVC.swift in Sources */,
				C7C142831A8D90CA00FA0C75 /* ShowCell.m in Sources */,
				C797D1C71B89911A004C423D /* Reachability.swift in Sources */,
				C7A0F5721BAC7B2100249381 /* containsStringExtension.swift in Sources */,
				C78BF4D01A49D0CB00C9B29E /* CustomCell.m in Sources */,
				C76A17AD1B53290300D969F5 /* SettingsViewController.swift in Sources */,
				C7D0A6C71B3B25C1009A911B /* AboutVC.swift in Sources */,
				C70D6F5F1ADC7A5A00410FE8 /* Reachability.m in Sources */,
				C7D0A6C11B39C7E9009A911B /* GranadaShowsTableView.swift in Sources */,
				C7C41F3E1AAA546700EE3373 /* ShowsViewControllerParse.m in Sources */,
			);
			runOnlyForDeploymentPostprocessing = 0;
		};
		C78BF4BA1A49C71400C9B29E /* Sources */ = {
			isa = PBXSourcesBuildPhase;
			buildActionMask = 2147483647;
			files = (
				C78BF4C51A49C71400C9B29E /* TheGranada_heaterDallasTests.m in Sources */,
			);
			runOnlyForDeploymentPostprocessing = 0;
		};
/* End PBXSourcesBuildPhase section */

/* Begin PBXTargetDependency section */
		C78BF4C01A49C71400C9B29E /* PBXTargetDependency */ = {
			isa = PBXTargetDependency;
			target = C78BF4A11A49C71300C9B29E /* TheGranada†heaterDallas */;
			targetProxy = C78BF4BF1A49C71400C9B29E /* PBXContainerItemProxy */;
		};
/* End PBXTargetDependency section */

/* Begin PBXVariantGroup section */
		C78BF4B21A49C71300C9B29E /* Main.storyboard */ = {
			isa = PBXVariantGroup;
			children = (
				C78BF4B31A49C71300C9B29E /* Base */,
			);
			name = Main.storyboard;
			sourceTree = "<group>";
		};
/* End PBXVariantGroup section */

/* Begin XCBuildConfiguration section */
		C78BF4C61A49C71400C9B29E /* Debug */ = {
			isa = XCBuildConfiguration;
			buildSettings = {
				ALWAYS_SEARCH_USER_PATHS = NO;
				CLANG_CXX_LANGUAGE_STANDARD = "gnu++0x";
				CLANG_CXX_LIBRARY = "libc++";
				CLANG_ENABLE_MODULES = YES;
				CLANG_ENABLE_OBJC_ARC = YES;
				CLANG_WARN_BOOL_CONVERSION = YES;
				CLANG_WARN_CONSTANT_CONVERSION = YES;
				CLANG_WARN_DIRECT_OBJC_ISA_USAGE = YES_ERROR;
				CLANG_WARN_EMPTY_BODY = YES;
				CLANG_WARN_ENUM_CONVERSION = YES;
				CLANG_WARN_INT_CONVERSION = YES;
				CLANG_WARN_OBJC_ROOT_CLASS = YES_ERROR;
				CLANG_WARN_UNREACHABLE_CODE = YES;
				CLANG_WARN__DUPLICATE_METHOD_MATCH = YES;
				CODE_SIGN_IDENTITY = "iPhone Developer";
				"CODE_SIGN_IDENTITY[sdk=iphoneos*]" = "iPhone Developer";
				COPY_PHASE_STRIP = NO;
				ENABLE_STRICT_OBJC_MSGSEND = YES;
				ENABLE_TESTABILITY = YES;
				GCC_C_LANGUAGE_STANDARD = gnu99;
				GCC_DYNAMIC_NO_PIC = NO;
				GCC_OPTIMIZATION_LEVEL = 0;
				GCC_PREPROCESSOR_DEFINITIONS = (
					"DEBUG=1",
					"$(inherited)",
				);
				GCC_SYMBOLS_PRIVATE_EXTERN = NO;
				GCC_WARN_64_TO_32_BIT_CONVERSION = YES;
				GCC_WARN_ABOUT_RETURN_TYPE = YES_ERROR;
				GCC_WARN_UNDECLARED_SELECTOR = YES;
				GCC_WARN_UNINITIALIZED_AUTOS = YES_AGGRESSIVE;
				GCC_WARN_UNUSED_FUNCTION = YES;
				GCC_WARN_UNUSED_VARIABLE = YES;
				IPHONEOS_DEPLOYMENT_TARGET = 8.1;
				MTL_ENABLE_DEBUG_INFO = YES;
				ONLY_ACTIVE_ARCH = YES;
				SDKROOT = iphoneos;
				VALIDATE_PRODUCT = YES;
			};
			name = Debug;
		};
		C78BF4C71A49C71400C9B29E /* Release */ = {
			isa = XCBuildConfiguration;
			buildSettings = {
				ALWAYS_SEARCH_USER_PATHS = NO;
				CLANG_CXX_LANGUAGE_STANDARD = "gnu++0x";
				CLANG_CXX_LIBRARY = "libc++";
				CLANG_ENABLE_MODULES = YES;
				CLANG_ENABLE_OBJC_ARC = YES;
				CLANG_WARN_BOOL_CONVERSION = YES;
				CLANG_WARN_CONSTANT_CONVERSION = YES;
				CLANG_WARN_DIRECT_OBJC_ISA_USAGE = YES_ERROR;
				CLANG_WARN_EMPTY_BODY = YES;
				CLANG_WARN_ENUM_CONVERSION = YES;
				CLANG_WARN_INT_CONVERSION = YES;
				CLANG_WARN_OBJC_ROOT_CLASS = YES_ERROR;
				CLANG_WARN_UNREACHABLE_CODE = YES;
				CLANG_WARN__DUPLICATE_METHOD_MATCH = YES;
				CODE_SIGN_IDENTITY = "iPhone Developer";
				"CODE_SIGN_IDENTITY[sdk=iphoneos*]" = "iPhone Developer";
				COPY_PHASE_STRIP = YES;
				ENABLE_NS_ASSERTIONS = NO;
				ENABLE_STRICT_OBJC_MSGSEND = YES;
				GCC_C_LANGUAGE_STANDARD = gnu99;
				GCC_WARN_64_TO_32_BIT_CONVERSION = YES;
				GCC_WARN_ABOUT_RETURN_TYPE = YES_ERROR;
				GCC_WARN_UNDECLARED_SELECTOR = YES;
				GCC_WARN_UNINITIALIZED_AUTOS = YES_AGGRESSIVE;
				GCC_WARN_UNUSED_FUNCTION = YES;
				GCC_WARN_UNUSED_VARIABLE = YES;
				IPHONEOS_DEPLOYMENT_TARGET = 8.1;
				MTL_ENABLE_DEBUG_INFO = NO;
				SDKROOT = iphoneos;
				VALIDATE_PRODUCT = YES;
			};
			name = Release;
		};
		C78BF4C91A49C71400C9B29E /* Debug */ = {
			isa = XCBuildConfiguration;
			buildSettings = {
				ASSETCATALOG_COMPILER_APPICON_NAME = AppIcon;
				ASSETCATALOG_COMPILER_LAUNCHIMAGE_NAME = LaunchImage;
				CLANG_ENABLE_MODULES = YES;
				CODE_SIGN_IDENTITY = "iPhone Developer";
				"CODE_SIGN_IDENTITY[sdk=iphoneos*]" = "iPhone Developer";
				ENABLE_BITCODE = NO;
				"FRAMEWORK_SEARCH_PATHS[arch=*]" = "$(SRCROOT)/**";
				INFOPLIST_FILE = "TheGranada†heaterDallas/Info.plist";
				IPHONEOS_DEPLOYMENT_TARGET = 7.1;
				LD_RUNPATH_SEARCH_PATHS = "$(inherited) @executable_path/Frameworks";
				PRODUCT_BUNDLE_IDENTIFIER = com.comapps.TheGranadaTheaterDallas;
				PRODUCT_NAME = "$(TARGET_NAME)";
				PROVISIONING_PROFILE = "";
				SWIFT_OBJC_BRIDGING_HEADER = "TheGranada†heaterDallas/TheGranada†heaterDallas-Bridging-Header.h";
				SWIFT_OPTIMIZATION_LEVEL = "-Onone";
				TARGETED_DEVICE_FAMILY = "1,2";
			};
			name = Debug;
		};
		C78BF4CA1A49C71400C9B29E /* Release */ = {
			isa = XCBuildConfiguration;
			buildSettings = {
				ASSETCATALOG_COMPILER_APPICON_NAME = AppIcon;
				ASSETCATALOG_COMPILER_LAUNCHIMAGE_NAME = LaunchImage;
				CLANG_ENABLE_MODULES = YES;
				CODE_SIGN_IDENTITY = "iPhone Developer";
				"CODE_SIGN_IDENTITY[sdk=iphoneos*]" = "iPhone Developer";
				ENABLE_BITCODE = NO;
				"FRAMEWORK_SEARCH_PATHS[arch=*]" = "$(SRCROOT)/**";
				INFOPLIST_FILE = "TheGranada†heaterDallas/Info.plist";
				IPHONEOS_DEPLOYMENT_TARGET = 7.1;
				LD_RUNPATH_SEARCH_PATHS = "$(inherited) @executable_path/Frameworks";
				PRODUCT_BUNDLE_IDENTIFIER = com.comapps.TheGranadaTheaterDallas;
				PRODUCT_NAME = "$(TARGET_NAME)";
				PROVISIONING_PROFILE = "";
				SWIFT_OBJC_BRIDGING_HEADER = "TheGranada†heaterDallas/TheGranada†heaterDallas-Bridging-Header.h";
				TARGETED_DEVICE_FAMILY = "1,2";
			};
			name = Release;
		};
		C78BF4CC1A49C71400C9B29E /* Debug */ = {
			isa = XCBuildConfiguration;
			buildSettings = {
				BUNDLE_LOADER = "$(TEST_HOST)";
				FRAMEWORK_SEARCH_PATHS = (
					"$(SDKROOT)/Developer/Library/Frameworks",
					"$(inherited)",
				);
				GCC_PREPROCESSOR_DEFINITIONS = (
					"DEBUG=1",
					"$(inherited)",
				);
				INFOPLIST_FILE = "TheGranada†heaterDallasTests/Info.plist";
				LD_RUNPATH_SEARCH_PATHS = "$(inherited) @executable_path/Frameworks @loader_path/Frameworks";
				PRODUCT_BUNDLE_IDENTIFIER = "com.comapps.$(PRODUCT_NAME:rfc1034identifier)";
				PRODUCT_NAME = "$(TARGET_NAME)";
				TEST_HOST = "$(BUILT_PRODUCTS_DIR)/TheGranada†heaterDallas.app/TheGranada†heaterDallas";
			};
			name = Debug;
		};
		C78BF4CD1A49C71400C9B29E /* Release */ = {
			isa = XCBuildConfiguration;
			buildSettings = {
				BUNDLE_LOADER = "$(TEST_HOST)";
				FRAMEWORK_SEARCH_PATHS = (
					"$(SDKROOT)/Developer/Library/Frameworks",
					"$(inherited)",
				);
				INFOPLIST_FILE = "TheGranada†heaterDallasTests/Info.plist";
				LD_RUNPATH_SEARCH_PATHS = "$(inherited) @executable_path/Frameworks @loader_path/Frameworks";
				PRODUCT_BUNDLE_IDENTIFIER = "com.comapps.$(PRODUCT_NAME:rfc1034identifier)";
				PRODUCT_NAME = "$(TARGET_NAME)";
				TEST_HOST = "$(BUILT_PRODUCTS_DIR)/TheGranada†heaterDallas.app/TheGranada†heaterDallas";
			};
			name = Release;
		};
/* End XCBuildConfiguration section */

/* Begin XCConfigurationList section */
		C78BF49D1A49C71300C9B29E /* Build configuration list for PBXProject "TheGranadaTheaterDallas" */ = {
			isa = XCConfigurationList;
			buildConfigurations = (
				C78BF4C61A49C71400C9B29E /* Debug */,
				C78BF4C71A49C71400C9B29E /* Release */,
			);
			defaultConfigurationIsVisible = 0;
			defaultConfigurationName = Release;
		};
		C78BF4C81A49C71400C9B29E /* Build configuration list for PBXNativeTarget "TheGranada†heaterDallas" */ = {
			isa = XCConfigurationList;
			buildConfigurations = (
				C78BF4C91A49C71400C9B29E /* Debug */,
				C78BF4CA1A49C71400C9B29E /* Release */,
			);
			defaultConfigurationIsVisible = 0;
			defaultConfigurationName = Release;
		};
		C78BF4CB1A49C71400C9B29E /* Build configuration list for PBXNativeTarget "TheGranada†heaterDallasTests" */ = {
			isa = XCConfigurationList;
			buildConfigurations = (
				C78BF4CC1A49C71400C9B29E /* Debug */,
				C78BF4CD1A49C71400C9B29E /* Release */,
			);
			defaultConfigurationIsVisible = 0;
			defaultConfigurationName = Release;
		};
/* End XCConfigurationList section */
	};
	rootObject = C78BF49A1A49C71300C9B29E /* Project object */;
}
